
Microsoft Visual Studio Solution File, Format Version 12.00
# Visual Studio 14
VisualStudioVersion = 14.0.25420.1
MinimumVisualStudioVersion = 10.0.40219.1
Project("{FAE04EC0-301F-11D3-BF4B-00C04F79EFBC}") = "jy_photo", "jy_photo\jy_photo.csproj", "{998B2436-F04D-4A9F-8656-DE1D2FF57319}"
EndProject
Global
	GlobalSection(SolutionConfigurationPlatforms) = preSolution
		Debug|Any CPU = Debug|Any CPU
		Release|Any CPU = Release|Any CPU
	EndGlobalSection
	GlobalSection(ProjectConfigurationPlatforms) = postSolution
		{998B2436-F04D-4A9F-8656-DE1D2FF57319}.Debug|Any CPU.ActiveCfg = Debug|Any CPU
		{998B2436-F04D-4A9F-8656-DE1D2FF57319}.Debug|Any CPU.Build.0 = Debug|Any CPU
		{998B2436-F04D-4A9F-8656-DE1D2FF57319}.Release|Any CPU.ActiveCfg = Release|Any CPU
		{998B2436-F04D-4A9F-8656-DE1D2FF57319}.Release|Any CPU.Build.0 = Release|Any CPU
	EndGlobalSection
	GlobalSection(SolutionProperties) = preSolution
		HideSolutionNode = FALSE
	EndGlobalSection
EndGlobal
